<?xml version="1.0" encoding="utf-8"?>
<Project ToolsVersion="4.0" xmlns="http://schemas.microsoft.com/developer/msbuild/2003">
  <ItemGroup>
    <Filter Include="Platform">
      <UniqueIdentifier>{2AC788B4-1694-E3BF-3FAD-D1672BD9184E}</UniqueIdentifier>
    </Filter>
    <Filter Include="ZEngine">
      <UniqueIdentifier>{55BCADBC-C19B-2C58-CAB3-B72E361293B9}</UniqueIdentifier>
    </Filter>
    <Filter Include="ZEngine\Events">
      <UniqueIdentifier>{9996B3AD-8564-A7B3-6EF8-17DA5A658318}</UniqueIdentifier>
    </Filter>
  </ItemGroup>
  <ItemGroup>
    <ClInclude Include="src\Platform\WindowsWindow.h">
      <Filter>Platform</Filter>
    </ClInclude>
    <ClInclude Include="src\ZEngine.h" />
    <ClInclude Include="src\ZEngine\Application.h">
      <Filter>ZEngine</Filter>
    </ClInclude>
    <ClInclude Include="src\ZEngine\Core.h">
      <Filter>ZEngine</Filter>
    </ClInclude>
    <ClInclude Include="src\ZEngine\EntryPoint.h">
      <Filter>ZEngine</Filter>
    </ClInclude>
    <ClInclude Include="src\ZEngine\Events\ApplicationEvent.h">
      <Filter>ZEngine\Events</Filter>
    </ClInclude>
    <ClInclude Include="src\ZEngine\Events\Event.h">
      <Filter>ZEngine\Events</Filter>
    </ClInclude>
    <ClInclude Include="src\ZEngine\Events\KeyEvent.h">
      <Filter>ZEngine\Events</Filter>
    </ClInclude>
    <ClInclude Include="src\ZEngine\Events\MouseEvent.h">
      <Filter>ZEngine\Events</Filter>
    </ClInclude>
    <ClInclude Include="src\ZEngine\Log.h">
      <Filter>ZEngine</Filter>
    </ClInclude>
    <ClInclude Include="src\ZEngine\Window.h">
      <Filter>ZEngine</Filter>
    </ClInclude>
    <ClInclude Include="src\zepch.h" />
    <ClInclude Include="src\ZEngine\LayerStack.h" />
    <ClInclude Include="src\ZEngine\Layer.h" />
  </ItemGroup>
  <ItemGroup>
    <ClCompile Include="src\Platform\WindowsWindow.cpp">
      <Filter>Platform</Filter>
    </ClCompile>
    <ClCompile Include="src\ZEngine\Application.cpp">
      <Filter>ZEngine</Filter>
    </ClCompile>
    <ClCompile Include="src\ZEngine\Log.cpp">
      <Filter>ZEngine</Filter>
    </ClCompile>
    <ClCompile Include="src\zepch.cpp" />
    <ClCompile Include="src\ZEngine\LayerStack.cpp" />
    <ClCompile Include="src\ZEngine\Layer.cpp" />
  </ItemGroup>
</Project>